
Microsoft Visual Studio Solution File, Format Version 12.00
# Visual Studio Version 17
VisualStudioVersion = 17.10.35004.147
MinimumVisualStudioVersion = 10.0.40219.1
Project("{9A19103F-16F7-4668-BE54-9A1E7A4F7556}") = "ShortageManager.ConsoleApp", "ShortageManager.ConsoleApp\ShortageManager.ConsoleApp.csproj", "{21E003F2-81E0-490E-BD49-3E5BBEB8ACD8}"
EndProject
Project("{FAE04EC0-301F-11D3-BF4B-00C04F79EFBC}") = "ShortageManager.ConsoleApp.UnitTests", "ShortageManager.ConsoleApp.UnitTests\ShortageManager.ConsoleApp.UnitTests.csproj", "{CE00A65F-5382-4734-B12D-952EC5B54DCF}"
EndProject
Global
	GlobalSection(SolutionConfigurationPlatforms) = preSolution
		Debug|Any CPU = Debug|Any CPU
		Release|Any CPU = Release|Any CPU
	EndGlobalSection
	GlobalSection(ProjectConfigurationPlatforms) = postSolution
		{21E003F2-81E0-490E-BD49-3E5BBEB8ACD8}.Debug|Any CPU.ActiveCfg = Debug|Any CPU
		{21E003F2-81E0-490E-BD49-3E5BBEB8ACD8}.Debug|Any CPU.Build.0 = Debug|Any CPU
		{21E003F2-81E0-490E-BD49-3E5BBEB8ACD8}.Release|Any CPU.ActiveCfg = Release|Any CPU
		{21E003F2-81E0-490E-BD49-3E5BBEB8ACD8}.Release|Any CPU.Build.0 = Release|Any CPU
		{CE00A65F-5382-4734-B12D-952EC5B54DCF}.Debug|Any CPU.ActiveCfg = Debug|Any CPU
		{CE00A65F-5382-4734-B12D-952EC5B54DCF}.Debug|Any CPU.Build.0 = Debug|Any CPU
		{CE00A65F-5382-4734-B12D-952EC5B54DCF}.Release|Any CPU.ActiveCfg = Release|Any CPU
		{CE00A65F-5382-4734-B12D-952EC5B54DCF}.Release|Any CPU.Build.0 = Release|Any CPU
	EndGlobalSection
	GlobalSection(SolutionProperties) = preSolution
		HideSolutionNode = FALSE
	EndGlobalSection
	GlobalSection(ExtensibilityGlobals) = postSolution
		SolutionGuid = {DD8ACE49-A6D2-49BB-89DF-3B9FA09C4C9A}
	EndGlobalSection
EndGlobal
